// !$*UTF8*$!
{
	archiveVersion = 1;
	classes = {
	};
	objectVersion = 55;
	objects = {

/* Begin PBXBuildFile section */
		440BF6BB27B32219006682B6 /* AppDelegate.swift in Sources */ = {isa = PBXBuildFile; fileRef = 440BF6BA27B32219006682B6 /* AppDelegate.swift */; };
		440BF6BD27B32219006682B6 /* SceneDelegate.swift in Sources */ = {isa = PBXBuildFile; fileRef = 440BF6BC27B32219006682B6 /* SceneDelegate.swift */; };
		440BF6BF27B32219006682B6 /* ViewController.swift in Sources */ = {isa = PBXBuildFile; fileRef = 440BF6BE27B32219006682B6 /* ViewController.swift */; };
		440BF6C227B32219006682B6 /* Main.storyboard in Resources */ = {isa = PBXBuildFile; fileRef = 440BF6C027B32219006682B6 /* Main.storyboard */; };
		440BF6C427B3221A006682B6 /* Assets.xcassets in Resources */ = {isa = PBXBuildFile; fileRef = 440BF6C327B3221A006682B6 /* Assets.xcassets */; };
		440BF6C727B3221A006682B6 /* LaunchScreen.storyboard in Resources */ = {isa = PBXBuildFile; fileRef = 440BF6C527B3221A006682B6 /* LaunchScreen.storyboard */; };
		4D66C016E771097C9C28EA96 /* Pods_cocoapods_binary_cache_sample.framework in Frameworks */ = {isa = PBXBuildFile; fileRef = 6B844AE89B2262DA2EF384CC /* Pods_cocoapods_binary_cache_sample.framework */; };
/* End PBXBuildFile section */

/* Begin PBXFileReference section */
		009BC2EC428BCDDE191DF179 /* Pods-cocoapods-binary-cache-sample.debug.xcconfig */ = {isa = PBXFileReference; includeInIndex = 1; lastKnownFileType = text.xcconfig; name = "Pods-cocoapods-binary-cache-sample.debug.xcconfig"; path = "../Pods/Target Support Files/Pods-cocoapods-binary-cache-sample/Pods-cocoapods-binary-cache-sample.debug.xcconfig"; sourceTree = "<group>"; };
		440BF6B727B32219006682B6 /* cocoapods-binary-cache-sample.app */ = {isa = PBXFileReference; explicitFileType = wrapper.application; includeInIndex = 0; path = "cocoapods-binary-cache-sample.app"; sourceTree = BUILT_PRODUCTS_DIR; };
		440BF6BA27B32219006682B6 /* AppDelegate.swift */ = {isa = PBXFileReference; lastKnownFileType = sourcecode.swift; path = AppDelegate.swift; sourceTree = "<group>"; };
		440BF6BC27B32219006682B6 /* SceneDelegate.swift */ = {isa = PBXFileReference; lastKnownFileType = sourcecode.swift; path = SceneDelegate.swift; sourceTree = "<group>"; };
		440BF6BE27B32219006682B6 /* ViewController.swift */ = {isa = PBXFileReference; lastKnownFileType = sourcecode.swift; path = ViewController.swift; sourceTree = "<group>"; };
		440BF6C127B32219006682B6 /* Base */ = {isa = PBXFileReference; lastKnownFileType = file.storyboard; name = Base; path = Base.lproj/Main.storyboard; sourceTree = "<group>"; };
		440BF6C327B3221A006682B6 /* Assets.xcassets */ = {isa = PBXFileReference; lastKnownFileType = folder.assetcatalog; path = Assets.xcassets; sourceTree = "<group>"; };
		440BF6C627B3221A006682B6 /* Base */ = {isa = PBXFileReference; lastKnownFileType = file.storyboard; name = Base; path = Base.lproj/LaunchScreen.storyboard; sourceTree = "<group>"; };
		440BF6C827B3221A006682B6 /* Info.plist */ = {isa = PBXFileReference; lastKnownFileType = text.plist.xml; path = Info.plist; sourceTree = "<group>"; };
		6B844AE89B2262DA2EF384CC /* Pods_cocoapods_binary_cache_sample.framework */ = {isa = PBXFileReference; explicitFileType = wrapper.framework; includeInIndex = 0; path = Pods_cocoapods_binary_cache_sample.framework; sourceTree = BUILT_PRODUCTS_DIR; };
		93A22E6BF16E109B88DE61F8 /* Pods-cocoapods-binary-cache-sample.release.xcconfig */ = {isa = PBXFileReference; includeInIndex = 1; lastKnownFileType = text.xcconfig; name = "Pods-cocoapods-binary-cache-sample.release.xcconfig"; path = "../Pods/Target Support Files/Pods-cocoapods-binary-cache-sample/Pods-cocoapods-binary-cache-sample.release.xcconfig"; sourceTree = "<group>"; };
/* End PBXFileReference section */

/* Begin PBXFrameworksBuildPhase section */
		440BF6B427B32219006682B6 /* Frameworks */ = {
			isa = PBXFrameworksBuildPhase;
			buildActionMask = 2147483647;
			files = (
				4D66C016E771097C9C28EA96 /* Pods_cocoapods_binary_cache_sample.framework in Frameworks */,
			);
			runOnlyForDeploymentPostprocessing = 0;
		};
/* End PBXFrameworksBuildPhase section */

/* Begin PBXGroup section */
		005E19F381F51B0B7D45F357 /* Pods */ = {
			isa = PBXGroup;
			children = (
				009BC2EC428BCDDE191DF179 /* Pods-cocoapods-binary-cache-sample.debug.xcconfig */,
				93A22E6BF16E109B88DE61F8 /* Pods-cocoapods-binary-cache-sample.release.xcconfig */,
			);
			name = Pods;
			path = .prebuild;
			sourceTree = "<group>";
		};
		113A5D53C413EEB164DD7EDE /* Frameworks */ = {
			isa = PBXGroup;
			children = (
				6B844AE89B2262DA2EF384CC /* Pods_cocoapods_binary_cache_sample.framework */,
			);
			name = Frameworks;
			sourceTree = "<group>";
		};
		440BF6AE27B32219006682B6 = {
			isa = PBXGroup;
			children = (
				440BF6B927B32219006682B6 /* cocoapods-binary-cache-sample */,
				440BF6B827B32219006682B6 /* Products */,
				005E19F381F51B0B7D45F357 /* Pods */,
				113A5D53C413EEB164DD7EDE /* Frameworks */,
			);
			sourceTree = "<group>";
		};
		440BF6B827B32219006682B6 /* Products */ = {
			isa = PBXGroup;
			children = (
				440BF6B727B32219006682B6 /* cocoapods-binary-cache-sample.app */,
			);
			name = Products;
			sourceTree = "<group>";
		};
		440BF6B927B32219006682B6 /* cocoapods-binary-cache-sample */ = {
			isa = PBXGroup;
			children = (
				440BF6BA27B32219006682B6 /* AppDelegate.swift */,
				440BF6BC27B32219006682B6 /* SceneDelegate.swift */,
				440BF6BE27B32219006682B6 /* ViewController.swift */,
				440BF6C027B32219006682B6 /* Main.storyboard */,
				440BF6C327B3221A006682B6 /* Assets.xcassets */,
				440BF6C527B3221A006682B6 /* LaunchScreen.storyboard */,
				440BF6C827B3221A006682B6 /* Info.plist */,
			);
			path = "cocoapods-binary-cache-sample";
			sourceTree = "<group>";
		};
/* End PBXGroup section */

/* Begin PBXNativeTarget section */
		440BF6B627B32219006682B6 /* cocoapods-binary-cache-sample */ = {
			isa = PBXNativeTarget;
			buildConfigurationList = 440BF6CB27B3221A006682B6 /* Build configuration list for PBXNativeTarget "cocoapods-binary-cache-sample" */;
			buildPhases = (
				CFFEF67701CFA58BAE259FCB /* [CP] Check Pods Manifest.lock */,
				440BF6B327B32219006682B6 /* Sources */,
				440BF6B427B32219006682B6 /* Frameworks */,
				440BF6B527B32219006682B6 /* Resources */,
				64C5B504CD24DDF45083E850 /* [CP] Embed Pods Frameworks */,
				CB4FECCE4EF102CE818D3BA2 /* [CP] Copy Pods Resources */,
			);
			buildRules = (
			);
			dependencies = (
			);
			name = "cocoapods-binary-cache-sample";
			productName = "cocoapods-binary-cache-sample";
			productReference = 440BF6B727B32219006682B6 /* cocoapods-binary-cache-sample.app */;
			productType = "com.apple.product-type.application";
		};
/* End PBXNativeTarget section */

/* Begin PBXProject section */
		440BF6AF27B32219006682B6 /* Project object */ = {
			isa = PBXProject;
			attributes = {
				BuildIndependentTargetsInParallel = 1;
				LastSwiftUpdateCheck = 1320;
				LastUpgradeCheck = 1320;
				TargetAttributes = {
					440BF6B627B32219006682B6 = {
						CreatedOnToolsVersion = 13.2.1;
					};
				};
			};
			buildConfigurationList = 440BF6B227B32219006682B6 /* Build configuration list for PBXProject "cocoapods-binary-cache-sample" */;
			compatibilityVersion = "Xcode 13.0";
			developmentRegion = en;
			hasScannedForEncodings = 0;
			knownRegions = (
				en,
				Base,
			);
			mainGroup = 440BF6AE27B32219006682B6;
			productRefGroup = 440BF6B827B32219006682B6 /* Products */;
			projectDirPath = "";
			projectRoot = "";
			targets = (
				440BF6B627B32219006682B6 /* cocoapods-binary-cache-sample */,
			);
		};
/* End PBXProject section */

/* Begin PBXResourcesBuildPhase section */
		440BF6B527B32219006682B6 /* Resources */ = {
			isa = PBXResourcesBuildPhase;
			buildActionMask = 2147483647;
			files = (
				440BF6C727B3221A006682B6 /* LaunchScreen.storyboard in Resources */,
				440BF6C427B3221A006682B6 /* Assets.xcassets in Resources */,
				440BF6C227B32219006682B6 /* Main.storyboard in Resources */,
			);
			runOnlyForDeploymentPostprocessing = 0;
		};
/* End PBXResourcesBuildPhase section */

/* Begin PBXShellScriptBuildPhase section */
		64C5B504CD24DDF45083E850 /* [CP] Embed Pods Frameworks */ = {
			isa = PBXShellScriptBuildPhase;
			buildActionMask = 2147483647;
			files = (
			);
			inputFileListPaths = (
				"${PODS_ROOT}/Target Support Files/Pods-cocoapods-binary-cache-sample/Pods-cocoapods-binary-cache-sample-frameworks-${CONFIGURATION}-input-files.xcfilelist",
			);
			name = "[CP] Embed Pods Frameworks";
			outputFileListPaths = (
				"${PODS_ROOT}/Target Support Files/Pods-cocoapods-binary-cache-sample/Pods-cocoapods-binary-cache-sample-frameworks-${CONFIGURATION}-output-files.xcfilelist",
			);
			runOnlyForDeploymentPostprocessing = 0;
			shellPath = /bin/sh;
			shellScript = "\"${PODS_ROOT}/Target Support Files/Pods-cocoapods-binary-cache-sample/Pods-cocoapods-binary-cache-sample-frameworks.sh\"\n";
			showEnvVarsInLog = 0;
		};
		CB4FECCE4EF102CE818D3BA2 /* [CP] Copy Pods Resources */ = {
			isa = PBXShellScriptBuildPhase;
			buildActionMask = 2147483647;
			files = (
			);
			inputFileListPaths = (
				"${PODS_ROOT}/Target Support Files/Pods-cocoapods-binary-cache-sample/Pods-cocoapods-binary-cache-sample-resources-${CONFIGURATION}-input-files.xcfilelist",
			);
			name = "[CP] Copy Pods Resources";
			outputFileListPaths = (
				"${PODS_ROOT}/Target Support Files/Pods-cocoapods-binary-cache-sample/Pods-cocoapods-binary-cache-sample-resources-${CONFIGURATION}-output-files.xcfilelist",
			);
			runOnlyForDeploymentPostprocessing = 0;
			shellPath = /bin/sh;
			shellScript = "\"${PODS_ROOT}/Target Support Files/Pods-cocoapods-binary-cache-sample/Pods-cocoapods-binary-cache-sample-resources.sh\"\n";
			showEnvVarsInLog = 0;
		};
		CFFEF67701CFA58BAE259FCB /* [CP] Check Pods Manifest.lock */ = {
			isa = PBXShellScriptBuildPhase;
			buildActionMask = 2147483647;
			files = (
			);
			inputFileListPaths = (
			);
			inputPaths = (
				"${PODS_PODFILE_DIR_PATH}/Podfile.lock",
				"${PODS_ROOT}/Manifest.lock",
			);
			name = "[CP] Check Pods Manifest.lock";
			outputFileListPaths = (
			);
			outputPaths = (
				"$(DERIVED_FILE_DIR)/Pods-cocoapods-binary-cache-sample-checkManifestLockResult.txt",
			);
			runOnlyForDeploymentPostprocessing = 0;
			shellPath = /bin/sh;
			shellScript = "diff \"${PODS_PODFILE_DIR_PATH}/Podfile.lock\" \"${PODS_ROOT}/Manifest.lock\" > /dev/null\nif [ $? != 0 ] ; then\n    # print error to STDERR\n    echo \"error: The sandbox is not in sync with the Podfile.lock. Run 'pod install' or update your CocoaPods installation.\" >&2\n    exit 1\nfi\n# This output is used by Xcode 'outputs' to avoid re-running this script phase.\necho \"SUCCESS\" > \"${SCRIPT_OUTPUT_FILE_0}\"\n";
			showEnvVarsInLog = 0;
		};
/* End PBXShellScriptBuildPhase section */

/* Begin PBXSourcesBuildPhase section */
		440BF6B327B32219006682B6 /* Sources */ = {
			isa = PBXSourcesBuildPhase;
			buildActionMask = 2147483647;
			files = (
				440BF6BF27B32219006682B6 /* ViewController.swift in Sources */,
				440BF6BB27B32219006682B6 /* AppDelegate.swift in Sources */,
				440BF6BD27B32219006682B6 /* SceneDelegate.swift in Sources */,
			);
			runOnlyForDeploymentPostprocessing = 0;
		};
/* End PBXSourcesBuildPhase section */

/* Begin PBXVariantGroup section */
		440BF6C027B32219006682B6 /* Main.storyboard */ = {
			isa = PBXVariantGroup;
			children = (
				440BF6C127B32219006682B6 /* Base */,
			);
			name = Main.storyboard;
			sourceTree = "<group>";
		};
		440BF6C527B3221A006682B6 /* LaunchScreen.storyboard */ = {
			isa = PBXVariantGroup;
			children = (
				440BF6C627B3221A006682B6 /* Base */,
			);
			name = LaunchScreen.storyboard;
			sourceTree = "<group>";
		};
/* End PBXVariantGroup section */

/* Begin XCBuildConfiguration section */
		440BF6C927B3221A006682B6 /* Debug */ = {
			isa = XCBuildConfiguration;
			buildSettings = {
				ALWAYS_SEARCH_USER_PATHS = NO;
				CLANG_ANALYZER_NONNULL = YES;
				CLANG_ANALYZER_NUMBER_OBJECT_CONVERSION = YES_AGGRESSIVE;
				CLANG_CXX_LANGUAGE_STANDARD = "gnu++17";
				CLANG_CXX_LIBRARY = "libc++";
				CLANG_ENABLE_MODULES = YES;
				CLANG_ENABLE_OBJC_ARC = YES;
				CLANG_ENABLE_OBJC_WEAK = YES;
				CLANG_WARN_BLOCK_CAPTURE_AUTORELEASING = YES;
				CLANG_WARN_BOOL_CONVERSION = YES;
				CLANG_WARN_COMMA = YES;
				CLANG_WARN_CONSTANT_CONVERSION = YES;
				CLANG_WARN_DEPRECATED_OBJC_IMPLEMENTATIONS = YES;
				CLANG_WARN_DIRECT_OBJC_ISA_USAGE = YES_ERROR;
				CLANG_WARN_DOCUMENTATION_COMMENTS = YES;
				CLANG_WARN_EMPTY_BODY = YES;
				CLANG_WARN_ENUM_CONVERSION = YES;
				CLANG_WARN_INFINITE_RECURSION = YES;
				CLANG_WARN_INT_CONVERSION = YES;
				CLANG_WARN_NON_LITERAL_NULL_CONVERSION = YES;
				CLANG_WARN_OBJC_IMPLICIT_RETAIN_SELF = YES;
				CLANG_WARN_OBJC_LITERAL_CONVERSION = YES;
				CLANG_WARN_OBJC_ROOT_CLASS = YES_ERROR;
				CLANG_WARN_QUOTED_INCLUDE_IN_FRAMEWORK_HEADER = YES;
				CLANG_WARN_RANGE_LOOP_ANALYSIS = YES;
				CLANG_WARN_STRICT_PROTOTYPES = YES;
				CLANG_WARN_SUSPICIOUS_MOVE = YES;
				CLANG_WARN_UNGUARDED_AVAILABILITY = YES_AGGRESSIVE;
				CLANG_WARN_UNREACHABLE_CODE = YES;
				CLANG_WARN__DUPLICATE_METHOD_MATCH = YES;
				COPY_PHASE_STRIP = NO;
				DEBUG_INFORMATION_FORMAT = dwarf;
				ENABLE_STRICT_OBJC_MSGSEND = YES;
				ENABLE_TESTABILITY = YES;
				GCC_C_LANGUAGE_STANDARD = gnu11;
				GCC_DYNAMIC_NO_PIC = NO;
				GCC_NO_COMMON_BLOCKS = YES;
				GCC_OPTIMIZATION_LEVEL = 0;
				GCC_PREPROCESSOR_DEFINITIONS = (
					"DEBUG=1",
					"$(inherited)",
				);
				GCC_WARN_64_TO_32_BIT_CONVERSION = YES;
				GCC_WARN_ABOUT_RETURN_TYPE = YES_ERROR;
				GCC_WARN_UNDECLARED_SELECTOR = YES;
				GCC_WARN_UNINITIALIZED_AUTOS = YES_AGGRESSIVE;
				GCC_WARN_UNUSED_FUNCTION = YES;
				GCC_WARN_UNUSED_VARIABLE = YES;
				IPHONEOS_DEPLOYMENT_TARGET = 15.2;
				MTL_ENABLE_DEBUG_INFO = INCLUDE_SOURCE;
				MTL_FAST_MATH = YES;
				ONLY_ACTIVE_ARCH = YES;
				SDKROOT = iphoneos;
				SWIFT_ACTIVE_COMPILATION_CONDITIONS = DEBUG;
				SWIFT_OPTIMIZATION_LEVEL = "-Onone";
			};
			name = Debug;
		};
		440BF6CA27B3221A006682B6 /* Release */ = {
			isa = XCBuildConfiguration;
			buildSettings = {
				ALWAYS_SEARCH_USER_PATHS = NO;
				CLANG_ANALYZER_NONNULL = YES;
				CLANG_ANALYZER_NUMBER_OBJECT_CONVERSION = YES_AGGRESSIVE;
				CLANG_CXX_LANGUAGE_STANDARD = "gnu++17";
				CLANG_CXX_LIBRARY = "libc++";
				CLANG_ENABLE_MODULES = YES;
				CLANG_ENABLE_OBJC_ARC = YES;
				CLANG_ENABLE_OBJC_WEAK = YES;
				CLANG_WARN_BLOCK_CAPTURE_AUTORELEASING = YES;
				CLANG_WARN_BOOL_CONVERSION = YES;
				CLANG_WARN_COMMA = YES;
				CLANG_WARN_CONSTANT_CONVERSION = YES;
				CLANG_WARN_DEPRECATED_OBJC_IMPLEMENTATIONS = YES;
				CLANG_WARN_DIRECT_OBJC_ISA_USAGE = YES_ERROR;
				CLANG_WARN_DOCUMENTATION_COMMENTS = YES;
				CLANG_WARN_EMPTY_BODY = YES;
				CLANG_WARN_ENUM_CONVERSION = YES;
				CLANG_WARN_INFINITE_RECURSION = YES;
				CLANG_WARN_INT_CONVERSION = YES;
				CLANG_WARN_NON_LITERAL_NULL_CONVERSION = YES;
				CLANG_WARN_OBJC_IMPLICIT_RETAIN_SELF = YES;
				CLANG_WARN_OBJC_LITERAL_CONVERSION = YES;
				CLANG_WARN_OBJC_ROOT_CLASS = YES_ERROR;
				CLANG_WARN_QUOTED_INCLUDE_IN_FRAMEWORK_HEADER = YES;
				CLANG_WARN_RANGE_LOOP_ANALYSIS = YES;
				CLANG_WARN_STRICT_PROTOTYPES = YES;
				CLANG_WARN_SUSPICIOUS_MOVE = YES;
				CLANG_WARN_UNGUARDED_AVAILABILITY = YES_AGGRESSIVE;
				CLANG_WARN_UNREACHABLE_CODE = YES;
				CLANG_WARN__DUPLICATE_METHOD_MATCH = YES;
				COPY_PHASE_STRIP = NO;
				DEBUG_INFORMATION_FORMAT = "dwarf-with-dsym";
				ENABLE_NS_ASSERTIONS = NO;
				ENABLE_STRICT_OBJC_MSGSEND = YES;
				GCC_C_LANGUAGE_STANDARD = gnu11;
				GCC_NO_COMMON_BLOCKS = YES;
				GCC_WARN_64_TO_32_BIT_CONVERSION = YES;
				GCC_WARN_ABOUT_RETURN_TYPE = YES_ERROR;
				GCC_WARN_UNDECLARED_SELECTOR = YES;
				GCC_WARN_UNINITIALIZED_AUTOS = YES_AGGRESSIVE;
				GCC_WARN_UNUSED_FUNCTION = YES;
				GCC_WARN_UNUSED_VARIABLE = YES;
				IPHONEOS_DEPLOYMENT_TARGET = 15.2;
				MTL_ENABLE_DEBUG_INFO = NO;
				MTL_FAST_MATH = YES;
				SDKROOT = iphoneos;
				SWIFT_COMPILATION_MODE = wholemodule;
				SWIFT_OPTIMIZATION_LEVEL = "-O";
				VALIDATE_PRODUCT = YES;
			};
			name = Release;
		};
		440BF6CC27B3221A006682B6 /* Debug */ = {
			isa = XCBuildConfiguration;
			baseConfigurationReference = 009BC2EC428BCDDE191DF179 /* Pods-cocoapods-binary-cache-sample.debug.xcconfig */;
			buildSettings = {
				ASSETCATALOG_COMPILER_APPICON_NAME = AppIcon;
				ASSETCATALOG_COMPILER_GLOBAL_ACCENT_COLOR_NAME = AccentColor;
				CODE_SIGN_STYLE = Automatic;
				CURRENT_PROJECT_VERSION = 1;
				GENERATE_INFOPLIST_FILE = YES;
				INFOPLIST_FILE = "cocoapods-binary-cache-sample/Info.plist";
				INFOPLIST_KEY_UIApplicationSupportsIndirectInputEvents = YES;
				INFOPLIST_KEY_UILaunchStoryboardName = LaunchScreen;
				INFOPLIST_KEY_UIMainStoryboardFile = Main;
				INFOPLIST_KEY_UISupportedInterfaceOrientations_iPad = "UIInterfaceOrientationPortrait UIInterfaceOrientationPortraitUpsideDown UIInterfaceOrientationLandscapeLeft UIInterfaceOrientationLandscapeRight";
				INFOPLIST_KEY_UISupportedInterfaceOrientations_iPhone = "UIInterfaceOrientationPortrait UIInterfaceOrientationLandscapeLeft UIInterfaceOrientationLandscapeRight";
				LD_RUNPATH_SEARCH_PATHS = (
					"$(inherited)",
					"@executable_path/Frameworks",
				);
				MARKETING_VERSION = 1.0;
				PRODUCT_BUNDLE_IDENTIFIER = "com.osmanyildirim.cocoapods-binary-cache-sample";
				PRODUCT_NAME = "$(TARGET_NAME)";
				SWIFT_EMIT_LOC_STRINGS = YES;
				SWIFT_VERSION = 5.0;
				TARGETED_DEVICE_FAMILY = "1,2";
			};
			name = Debug;
		};
		440BF6CD27B3221A006682B6 /* Release */ = {
			isa = XCBuildConfiguration;
			baseConfigurationReference = 93A22E6BF16E109B88DE61F8 /* Pods-cocoapods-binary-cache-sample.release.xcconfig */;
			buildSettings = {
				ASSETCATALOG_COMPILER_APPICON_NAME = AppIcon;
				ASSETCATALOG_COMPILER_GLOBAL_ACCENT_COLOR_NAME = AccentColor;
				CODE_SIGN_STYLE = Automatic;
				CURRENT_PROJECT_VERSION = 1;
				GENERATE_INFOPLIST_FILE = YES;
				INFOPLIST_FILE = "cocoapods-binary-cache-sample/Info.plist";
				INFOPLIST_KEY_UIApplicationSupportsIndirectInputEvents = YES;
				INFOPLIST_KEY_UILaunchStoryboardName = LaunchScreen;
				INFOPLIST_KEY_UIMainStoryboardFile = Main;
				INFOPLIST_KEY_UISupportedInterfaceOrientations_iPad = "UIInterfaceOrientationPortrait UIInterfaceOrientationPortraitUpsideDown UIInterfaceOrientationLandscapeLeft UIInterfaceOrientationLandscapeRight";
				INFOPLIST_KEY_UISupportedInterfaceOrientations_iPhone = "UIInterfaceOrientationPortrait UIInterfaceOrientationLandscapeLeft UIInterfaceOrientationLandscapeRight";
				LD_RUNPATH_SEARCH_PATHS = (
					"$(inherited)",
					"@executable_path/Frameworks",
				);
				MARKETING_VERSION = 1.0;
				PRODUCT_BUNDLE_IDENTIFIER = "com.osmanyildirim.cocoapods-binary-cache-sample";
				PRODUCT_NAME = "$(TARGET_NAME)";
				SWIFT_EMIT_LOC_STRINGS = YES;
				SWIFT_VERSION = 5.0;
				TARGETED_DEVICE_FAMILY = "1,2";
			};
			name = Release;
		};
/* End XCBuildConfiguration section */

/* Begin XCConfigurationList section */
		440BF6B227B32219006682B6 /* Build configuration list for PBXProject "cocoapods-binary-cache-sample" */ = {
			isa = XCConfigurationList;
			buildConfigurations = (
				440BF6C927B3221A006682B6 /* Debug */,
				440BF6CA27B3221A006682B6 /* Release */,
			);
			defaultConfigurationIsVisible = 0;
			defaultConfigurationName = Release;
		};
		440BF6CB27B3221A006682B6 /* Build configuration list for PBXNativeTarget "cocoapods-binary-cache-sample" */ = {
			isa = XCConfigurationList;
			buildConfigurations = (
				440BF6CC27B3221A006682B6 /* Debug */,
				440BF6CD27B3221A006682B6 /* Release */,
			);
			defaultConfigurationIsVisible = 0;
			defaultConfigurationName = Release;
		};
/* End XCConfigurationList section */
	};
	rootObject = 440BF6AF27B32219006682B6 /* Project object */;
}
